{
  "name": "tree-sitter-wasm-load",
  "version": "0.0.1",
  "lockfileVersion": 2,
  "requires": true,
  "packages": {
    "": {
      "name": "tree-sitter-wasm-load",
      "version": "0.0.1",
      "license": "ISC",
      "dependencies": {
        "web-tree-sitter": "0.20.3"
      }
    },
    "node_modules/web-tree-sitter": {
      "version": "0.20.3",
      "resolved": "https://registry.npmjs.org/web-tree-sitter/-/web-tree-sitter-0.20.3.tgz",
      "integrity": "sha512-zKGJW9r23y3BcJusbgvnOH2OYAW40MXAOi9bi3Gcc7T4Gms9WWgXF8m6adsJWpGJEhgOzCrfiz1IzKowJWrtYw=="
    }
  },
  "dependencies": {
    "web-tree-sitter": {
      "version": "0.20.3",
      "resolved": "https://registry.npmjs.org/web-tree-sitter/-/web-tree-sitter-0.20.3.tgz",
      "integrity": "sha512-zKGJW9r23y3BcJusbgvnOH2OYAW40MXAOi9bi3Gcc7T4Gms9WWgXF8m6adsJWpGJEhgOzCrfiz1IzKowJWrtYw=="
    }
  }
}
